
Microsoft Visual Studio Solution File, Format Version 12.00
# Visual Studio Version 17
VisualStudioVersion = 17.5.33530.505
MinimumVisualStudioVersion = 10.0.40219.1
Project("{9A19103F-16F7-4668-BE54-9A1E7A4F7556}") = "DI2P5G2_Backend.Entity", "DI2P5G2_Backend.Entity\DI2P5G2_Backend.Entity.csproj", "{ED352C77-CBE6-478B-B744-D1493DAE5765}"
EndProject
Project("{9A19103F-16F7-4668-BE54-9A1E7A4F7556}") = "DI2P5G2_Backend.Repository", "DI2P5G2_Backend.Repository\DI2P5G2_Backend.Repository.csproj", "{7CF9B6E0-4D43-43BF-BD36-03F108F09574}"
EndProject
Project("{9A19103F-16F7-4668-BE54-9A1E7A4F7556}") = "DI2P5G2_Backend.Services", "DI2P5G2_Backend.Services\DI2P5G2_Backend.Services.csproj", "{42F2FBE2-081F-4AEF-946E-5E15A981EA6D}"
EndProject
Project("{9A19103F-16F7-4668-BE54-9A1E7A4F7556}") = "DI2P5G2_Backend.EntitiesContext", "DI2P5G2_Backend.EntitiesContext\DI2P5G2_Backend.EntitiesContext.csproj", "{DA283D6E-9570-4680-BF10-4BDCCD3BDC15}"
EndProject
Project("{FAE04EC0-301F-11D3-BF4B-00C04F79EFBC}") = "DI2P5G2_Front_Bo", "DI2P5G2_Front_Bo\DI2P5G2_Front_Bo.csproj", "{21FD2889-CBB0-4415-B7FF-2ACC91F3F99B}"
EndProject
Project("{FAE04EC0-301F-11D3-BF4B-00C04F79EFBC}") = "DI2P5G2_BackendAPI", "DI2P5G2_BackendAPI\DI2P5G2_BackendAPI.csproj", "{1A615B3F-7FAE-430C-B03E-47B7AC7CEF38}"
EndProject
Global
	GlobalSection(SolutionConfigurationPlatforms) = preSolution
		Debug|Any CPU = Debug|Any CPU
		Release|Any CPU = Release|Any CPU
	EndGlobalSection
	GlobalSection(ProjectConfigurationPlatforms) = postSolution
		{ED352C77-CBE6-478B-B744-D1493DAE5765}.Debug|Any CPU.ActiveCfg = Debug|Any CPU
		{ED352C77-CBE6-478B-B744-D1493DAE5765}.Debug|Any CPU.Build.0 = Debug|Any CPU
		{ED352C77-CBE6-478B-B744-D1493DAE5765}.Release|Any CPU.ActiveCfg = Release|Any CPU
		{ED352C77-CBE6-478B-B744-D1493DAE5765}.Release|Any CPU.Build.0 = Release|Any CPU
		{7CF9B6E0-4D43-43BF-BD36-03F108F09574}.Debug|Any CPU.ActiveCfg = Debug|Any CPU
		{7CF9B6E0-4D43-43BF-BD36-03F108F09574}.Debug|Any CPU.Build.0 = Debug|Any CPU
		{7CF9B6E0-4D43-43BF-BD36-03F108F09574}.Release|Any CPU.ActiveCfg = Release|Any CPU
		{7CF9B6E0-4D43-43BF-BD36-03F108F09574}.Release|Any CPU.Build.0 = Release|Any CPU
		{42F2FBE2-081F-4AEF-946E-5E15A981EA6D}.Debug|Any CPU.ActiveCfg = Debug|Any CPU
		{42F2FBE2-081F-4AEF-946E-5E15A981EA6D}.Debug|Any CPU.Build.0 = Debug|Any CPU
		{42F2FBE2-081F-4AEF-946E-5E15A981EA6D}.Release|Any CPU.ActiveCfg = Release|Any CPU
		{42F2FBE2-081F-4AEF-946E-5E15A981EA6D}.Release|Any CPU.Build.0 = Release|Any CPU
		{DA283D6E-9570-4680-BF10-4BDCCD3BDC15}.Debug|Any CPU.ActiveCfg = Debug|Any CPU
		{DA283D6E-9570-4680-BF10-4BDCCD3BDC15}.Debug|Any CPU.Build.0 = Debug|Any CPU
		{DA283D6E-9570-4680-BF10-4BDCCD3BDC15}.Release|Any CPU.ActiveCfg = Release|Any CPU
		{DA283D6E-9570-4680-BF10-4BDCCD3BDC15}.Release|Any CPU.Build.0 = Release|Any CPU
		{21FD2889-CBB0-4415-B7FF-2ACC91F3F99B}.Debug|Any CPU.ActiveCfg = Debug|Any CPU
		{21FD2889-CBB0-4415-B7FF-2ACC91F3F99B}.Debug|Any CPU.Build.0 = Debug|Any CPU
		{21FD2889-CBB0-4415-B7FF-2ACC91F3F99B}.Release|Any CPU.ActiveCfg = Release|Any CPU
		{21FD2889-CBB0-4415-B7FF-2ACC91F3F99B}.Release|Any CPU.Build.0 = Release|Any CPU
		{1A615B3F-7FAE-430C-B03E-47B7AC7CEF38}.Debug|Any CPU.ActiveCfg = Debug|Any CPU
		{1A615B3F-7FAE-430C-B03E-47B7AC7CEF38}.Debug|Any CPU.Build.0 = Debug|Any CPU
		{1A615B3F-7FAE-430C-B03E-47B7AC7CEF38}.Release|Any CPU.ActiveCfg = Release|Any CPU
		{1A615B3F-7FAE-430C-B03E-47B7AC7CEF38}.Release|Any CPU.Build.0 = Release|Any CPU
	EndGlobalSection
	GlobalSection(SolutionProperties) = preSolution
		HideSolutionNode = FALSE
	EndGlobalSection
	GlobalSection(ExtensibilityGlobals) = postSolution
		SolutionGuid = {3FAD5741-D927-41B7-BBFD-FF5CC2DC2ACE}
	EndGlobalSection
EndGlobal
